// !$*UTF8*$!
{
	archiveVersion = 1;
	classes = {
	};
	objectVersion = 56;
	objects = {

/* Begin PBXBuildFile section */
		5ED4D4ADDD27F30DEBCC6374 /* Pods_RavenTest_RavenTestUITests.framework in Frameworks */ = {isa = PBXBuildFile; fileRef = 42D300DB393F3B3647BB8804 /* Pods_RavenTest_RavenTestUITests.framework */; };
		A1A2038F45F533A28A9B5946 /* Pods_RavenTestTests.framework in Frameworks */ = {isa = PBXBuildFile; fileRef = E6A5D14D25FB58BA90AD7F9F /* Pods_RavenTestTests.framework */; };
		C71F166DDB77178D06AA9CA2 /* Pods_RavenTest.framework in Frameworks */ = {isa = PBXBuildFile; fileRef = 970984608ED11800B50FC301 /* Pods_RavenTest.framework */; };
		F21B3BB52B80487400E956DF /* AppDelegate.swift in Sources */ = {isa = PBXBuildFile; fileRef = F21B3BB42B80487400E956DF /* AppDelegate.swift */; };
		F21B3BBF2B80487400E956DF /* RavenTest.xcdatamodeld in Sources */ = {isa = PBXBuildFile; fileRef = F21B3BBD2B80487400E956DF /* RavenTest.xcdatamodeld */; };
		F21B3BC12B80487500E956DF /* Assets.xcassets in Resources */ = {isa = PBXBuildFile; fileRef = F21B3BC02B80487500E956DF /* Assets.xcassets */; };
		F21B3BC42B80487500E956DF /* LaunchScreen.storyboard in Resources */ = {isa = PBXBuildFile; fileRef = F21B3BC22B80487500E956DF /* LaunchScreen.storyboard */; };
		F21B3BCF2B80487600E956DF /* RavenTestTests.swift in Sources */ = {isa = PBXBuildFile; fileRef = F21B3BCE2B80487600E956DF /* RavenTestTests.swift */; };
		F21B3BD92B80487600E956DF /* RavenTestUITests.swift in Sources */ = {isa = PBXBuildFile; fileRef = F21B3BD82B80487600E956DF /* RavenTestUITests.swift */; };
		F21B3BDB2B80487600E956DF /* RavenTestUITestsLaunchTests.swift in Sources */ = {isa = PBXBuildFile; fileRef = F21B3BDA2B80487600E956DF /* RavenTestUITestsLaunchTests.swift */; };
		F21B3BEE2B804F0C00E956DF /* HomeVC.xib in Resources */ = {isa = PBXBuildFile; fileRef = F21B3BE82B804F0C00E956DF /* HomeVC.xib */; };
		F21B3BEF2B804F0C00E956DF /* HomePresenter.swift in Sources */ = {isa = PBXBuildFile; fileRef = F21B3BE92B804F0C00E956DF /* HomePresenter.swift */; };
		F21B3BF02B804F0C00E956DF /* HomeRouter.swift in Sources */ = {isa = PBXBuildFile; fileRef = F21B3BEA2B804F0C00E956DF /* HomeRouter.swift */; };
		F21B3BF12B804F0C00E956DF /* HomeInteractor.swift in Sources */ = {isa = PBXBuildFile; fileRef = F21B3BEB2B804F0C00E956DF /* HomeInteractor.swift */; };
		F21B3BF22B804F0C00E956DF /* HomeProtocol.swift in Sources */ = {isa = PBXBuildFile; fileRef = F21B3BEC2B804F0C00E956DF /* HomeProtocol.swift */; };
		F21B3BF32B804F0C00E956DF /* HomeVC.swift in Sources */ = {isa = PBXBuildFile; fileRef = F21B3BED2B804F0C00E956DF /* HomeVC.swift */; };
		F21B3BF62B80519C00E956DF /* Constants.swift in Sources */ = {isa = PBXBuildFile; fileRef = F21B3BF52B80519C00E956DF /* Constants.swift */; };
		F21B3BFC2B8054CE00E956DF /* Media.swift in Sources */ = {isa = PBXBuildFile; fileRef = F21B3BF82B8054CE00E956DF /* Media.swift */; };
		F21B3BFD2B8054CE00E956DF /* Articles.swift in Sources */ = {isa = PBXBuildFile; fileRef = F21B3BF92B8054CE00E956DF /* Articles.swift */; };
		F21B3BFE2B8054CE00E956DF /* Results.swift in Sources */ = {isa = PBXBuildFile; fileRef = F21B3BFA2B8054CE00E956DF /* Results.swift */; };
		F21B3BFF2B8054CE00E956DF /* MediaMetaData.swift in Sources */ = {isa = PBXBuildFile; fileRef = F21B3BFB2B8054CE00E956DF /* MediaMetaData.swift */; };
		F21B3C022B8058FE00E956DF /* Utils.swift in Sources */ = {isa = PBXBuildFile; fileRef = F21B3C012B8058FE00E956DF /* Utils.swift */; };
		F21B3C052B806A3400E956DF /* Protocols.swift in Sources */ = {isa = PBXBuildFile; fileRef = F21B3C042B806A3400E956DF /* Protocols.swift */; };
		F21B3C082B806ABC00E956DF /* TitleViewCell.swift in Sources */ = {isa = PBXBuildFile; fileRef = F21B3C072B806ABC00E956DF /* TitleViewCell.swift */; };
		F21B3C112B8118B400E956DF /* DetailVC.xib in Resources */ = {isa = PBXBuildFile; fileRef = F21B3C0B2B8118B400E956DF /* DetailVC.xib */; };
		F21B3C122B8118B400E956DF /* DetailPresenter.swift in Sources */ = {isa = PBXBuildFile; fileRef = F21B3C0C2B8118B400E956DF /* DetailPresenter.swift */; };
		F21B3C132B8118B400E956DF /* DetailRouter.swift in Sources */ = {isa = PBXBuildFile; fileRef = F21B3C0D2B8118B400E956DF /* DetailRouter.swift */; };
		F21B3C142B8118B400E956DF /* DetailInteractor.swift in Sources */ = {isa = PBXBuildFile; fileRef = F21B3C0E2B8118B400E956DF /* DetailInteractor.swift */; };
		F21B3C152B8118B400E956DF /* DetailProtocol.swift in Sources */ = {isa = PBXBuildFile; fileRef = F21B3C0F2B8118B400E956DF /* DetailProtocol.swift */; };
		F21B3C162B8118B400E956DF /* DetailVC.swift in Sources */ = {isa = PBXBuildFile; fileRef = F21B3C102B8118B400E956DF /* DetailVC.swift */; };
		F21B3C182B8122AB00E956DF /* DetailEntity.swift in Sources */ = {isa = PBXBuildFile; fileRef = F21B3C172B8122AB00E956DF /* DetailEntity.swift */; };
/* End PBXBuildFile section */

/* Begin PBXContainerItemProxy section */
		F21B3BCB2B80487600E956DF /* PBXContainerItemProxy */ = {
			isa = PBXContainerItemProxy;
			containerPortal = F21B3BA92B80487400E956DF /* Project object */;
			proxyType = 1;
			remoteGlobalIDString = F21B3BB02B80487400E956DF;
			remoteInfo = RavenTest;
		};
		F21B3BD52B80487600E956DF /* PBXContainerItemProxy */ = {
			isa = PBXContainerItemProxy;
			containerPortal = F21B3BA92B80487400E956DF /* Project object */;
			proxyType = 1;
			remoteGlobalIDString = F21B3BB02B80487400E956DF;
			remoteInfo = RavenTest;
		};
/* End PBXContainerItemProxy section */

/* Begin PBXFileReference section */
		42D300DB393F3B3647BB8804 /* Pods_RavenTest_RavenTestUITests.framework */ = {isa = PBXFileReference; explicitFileType = wrapper.framework; includeInIndex = 0; path = Pods_RavenTest_RavenTestUITests.framework; sourceTree = BUILT_PRODUCTS_DIR; };
		54F912DE230DCABB3D6F15DF /* Pods-RavenTest-RavenTestUITests.release.xcconfig */ = {isa = PBXFileReference; includeInIndex = 1; lastKnownFileType = text.xcconfig; name = "Pods-RavenTest-RavenTestUITests.release.xcconfig"; path = "Target Support Files/Pods-RavenTest-RavenTestUITests/Pods-RavenTest-RavenTestUITests.release.xcconfig"; sourceTree = "<group>"; };
		5CD72028A4BBDCED252BA934 /* Pods-RavenTest.debug.xcconfig */ = {isa = PBXFileReference; includeInIndex = 1; lastKnownFileType = text.xcconfig; name = "Pods-RavenTest.debug.xcconfig"; path = "Target Support Files/Pods-RavenTest/Pods-RavenTest.debug.xcconfig"; sourceTree = "<group>"; };
		81E2BC8BAC2365A374491965 /* Pods-RavenTest.release.xcconfig */ = {isa = PBXFileReference; includeInIndex = 1; lastKnownFileType = text.xcconfig; name = "Pods-RavenTest.release.xcconfig"; path = "Target Support Files/Pods-RavenTest/Pods-RavenTest.release.xcconfig"; sourceTree = "<group>"; };
		8CCF091C4464BC7736070AD0 /* Pods-RavenTestTests.release.xcconfig */ = {isa = PBXFileReference; includeInIndex = 1; lastKnownFileType = text.xcconfig; name = "Pods-RavenTestTests.release.xcconfig"; path = "Target Support Files/Pods-RavenTestTests/Pods-RavenTestTests.release.xcconfig"; sourceTree = "<group>"; };
		970984608ED11800B50FC301 /* Pods_RavenTest.framework */ = {isa = PBXFileReference; explicitFileType = wrapper.framework; includeInIndex = 0; path = Pods_RavenTest.framework; sourceTree = BUILT_PRODUCTS_DIR; };
		C2F5F30038DCA1E8FCCC06B5 /* Pods-RavenTest-RavenTestUITests.debug.xcconfig */ = {isa = PBXFileReference; includeInIndex = 1; lastKnownFileType = text.xcconfig; name = "Pods-RavenTest-RavenTestUITests.debug.xcconfig"; path = "Target Support Files/Pods-RavenTest-RavenTestUITests/Pods-RavenTest-RavenTestUITests.debug.xcconfig"; sourceTree = "<group>"; };
		E6A5D14D25FB58BA90AD7F9F /* Pods_RavenTestTests.framework */ = {isa = PBXFileReference; explicitFileType = wrapper.framework; includeInIndex = 0; path = Pods_RavenTestTests.framework; sourceTree = BUILT_PRODUCTS_DIR; };
		EA0D1A4235189DD250E7D3D8 /* Pods-RavenTestTests.debug.xcconfig */ = {isa = PBXFileReference; includeInIndex = 1; lastKnownFileType = text.xcconfig; name = "Pods-RavenTestTests.debug.xcconfig"; path = "Target Support Files/Pods-RavenTestTests/Pods-RavenTestTests.debug.xcconfig"; sourceTree = "<group>"; };
		F21B3BB12B80487400E956DF /* RavenTest.app */ = {isa = PBXFileReference; explicitFileType = wrapper.application; includeInIndex = 0; path = RavenTest.app; sourceTree = BUILT_PRODUCTS_DIR; };
		F21B3BB42B80487400E956DF /* AppDelegate.swift */ = {isa = PBXFileReference; lastKnownFileType = sourcecode.swift; path = AppDelegate.swift; sourceTree = "<group>"; };
		F21B3BBE2B80487400E956DF /* RavenTest.xcdatamodel */ = {isa = PBXFileReference; lastKnownFileType = wrapper.xcdatamodel; path = RavenTest.xcdatamodel; sourceTree = "<group>"; };
		F21B3BC02B80487500E956DF /* Assets.xcassets */ = {isa = PBXFileReference; lastKnownFileType = folder.assetcatalog; path = Assets.xcassets; sourceTree = "<group>"; };
		F21B3BC32B80487500E956DF /* Base */ = {isa = PBXFileReference; lastKnownFileType = file.storyboard; name = Base; path = Base.lproj/LaunchScreen.storyboard; sourceTree = "<group>"; };
		F21B3BC52B80487500E956DF /* Info.plist */ = {isa = PBXFileReference; lastKnownFileType = text.plist.xml; path = Info.plist; sourceTree = "<group>"; };
		F21B3BCA2B80487600E956DF /* RavenTestTests.xctest */ = {isa = PBXFileReference; explicitFileType = wrapper.cfbundle; includeInIndex = 0; path = RavenTestTests.xctest; sourceTree = BUILT_PRODUCTS_DIR; };
		F21B3BCE2B80487600E956DF /* RavenTestTests.swift */ = {isa = PBXFileReference; lastKnownFileType = sourcecode.swift; path = RavenTestTests.swift; sourceTree = "<group>"; };
		F21B3BD42B80487600E956DF /* RavenTestUITests.xctest */ = {isa = PBXFileReference; explicitFileType = wrapper.cfbundle; includeInIndex = 0; path = RavenTestUITests.xctest; sourceTree = BUILT_PRODUCTS_DIR; };
		F21B3BD82B80487600E956DF /* RavenTestUITests.swift */ = {isa = PBXFileReference; lastKnownFileType = sourcecode.swift; path = RavenTestUITests.swift; sourceTree = "<group>"; };
		F21B3BDA2B80487600E956DF /* RavenTestUITestsLaunchTests.swift */ = {isa = PBXFileReference; lastKnownFileType = sourcecode.swift; path = RavenTestUITestsLaunchTests.swift; sourceTree = "<group>"; };
		F21B3BE82B804F0C00E956DF /* HomeVC.xib */ = {isa = PBXFileReference; lastKnownFileType = file.xib; path = HomeVC.xib; sourceTree = "<group>"; };
		F21B3BE92B804F0C00E956DF /* HomePresenter.swift */ = {isa = PBXFileReference; lastKnownFileType = sourcecode.swift; path = HomePresenter.swift; sourceTree = "<group>"; };
		F21B3BEA2B804F0C00E956DF /* HomeRouter.swift */ = {isa = PBXFileReference; lastKnownFileType = sourcecode.swift; path = HomeRouter.swift; sourceTree = "<group>"; };
		F21B3BEB2B804F0C00E956DF /* HomeInteractor.swift */ = {isa = PBXFileReference; lastKnownFileType = sourcecode.swift; path = HomeInteractor.swift; sourceTree = "<group>"; };
		F21B3BEC2B804F0C00E956DF /* HomeProtocol.swift */ = {isa = PBXFileReference; lastKnownFileType = sourcecode.swift; path = HomeProtocol.swift; sourceTree = "<group>"; };
		F21B3BED2B804F0C00E956DF /* HomeVC.swift */ = {isa = PBXFileReference; lastKnownFileType = sourcecode.swift; path = HomeVC.swift; sourceTree = "<group>"; };
		F21B3BF52B80519C00E956DF /* Constants.swift */ = {isa = PBXFileReference; lastKnownFileType = sourcecode.swift; path = Constants.swift; sourceTree = "<group>"; };
		F21B3BF82B8054CE00E956DF /* Media.swift */ = {isa = PBXFileReference; fileEncoding = 4; lastKnownFileType = sourcecode.swift; path = Media.swift; sourceTree = "<group>"; };
		F21B3BF92B8054CE00E956DF /* Articles.swift */ = {isa = PBXFileReference; fileEncoding = 4; lastKnownFileType = sourcecode.swift; path = Articles.swift; sourceTree = "<group>"; };
		F21B3BFA2B8054CE00E956DF /* Results.swift */ = {isa = PBXFileReference; fileEncoding = 4; lastKnownFileType = sourcecode.swift; path = Results.swift; sourceTree = "<group>"; };
		F21B3BFB2B8054CE00E956DF /* MediaMetaData.swift */ = {isa = PBXFileReference; fileEncoding = 4; lastKnownFileType = sourcecode.swift; path = MediaMetaData.swift; sourceTree = "<group>"; };
		F21B3C012B8058FE00E956DF /* Utils.swift */ = {isa = PBXFileReference; lastKnownFileType = sourcecode.swift; path = Utils.swift; sourceTree = "<group>"; };
		F21B3C042B806A3400E956DF /* Protocols.swift */ = {isa = PBXFileReference; lastKnownFileType = sourcecode.swift; path = Protocols.swift; sourceTree = "<group>"; };
		F21B3C072B806ABC00E956DF /* TitleViewCell.swift */ = {isa = PBXFileReference; fileEncoding = 4; lastKnownFileType = sourcecode.swift; path = TitleViewCell.swift; sourceTree = "<group>"; };
		F21B3C0B2B8118B400E956DF /* DetailVC.xib */ = {isa = PBXFileReference; lastKnownFileType = file.xib; path = DetailVC.xib; sourceTree = "<group>"; };
		F21B3C0C2B8118B400E956DF /* DetailPresenter.swift */ = {isa = PBXFileReference; lastKnownFileType = sourcecode.swift; path = DetailPresenter.swift; sourceTree = "<group>"; };
		F21B3C0D2B8118B400E956DF /* DetailRouter.swift */ = {isa = PBXFileReference; lastKnownFileType = sourcecode.swift; path = DetailRouter.swift; sourceTree = "<group>"; };
		F21B3C0E2B8118B400E956DF /* DetailInteractor.swift */ = {isa = PBXFileReference; lastKnownFileType = sourcecode.swift; path = DetailInteractor.swift; sourceTree = "<group>"; };
		F21B3C0F2B8118B400E956DF /* DetailProtocol.swift */ = {isa = PBXFileReference; lastKnownFileType = sourcecode.swift; path = DetailProtocol.swift; sourceTree = "<group>"; };
		F21B3C102B8118B400E956DF /* DetailVC.swift */ = {isa = PBXFileReference; lastKnownFileType = sourcecode.swift; path = DetailVC.swift; sourceTree = "<group>"; };
		F21B3C172B8122AB00E956DF /* DetailEntity.swift */ = {isa = PBXFileReference; lastKnownFileType = sourcecode.swift; path = DetailEntity.swift; sourceTree = "<group>"; };
/* End PBXFileReference section */

/* Begin PBXFrameworksBuildPhase section */
		F21B3BAE2B80487400E956DF /* Frameworks */ = {
			isa = PBXFrameworksBuildPhase;
			buildActionMask = 2147483647;
			files = (
				C71F166DDB77178D06AA9CA2 /* Pods_RavenTest.framework in Frameworks */,
			);
			runOnlyForDeploymentPostprocessing = 0;
		};
		F21B3BC72B80487600E956DF /* Frameworks */ = {
			isa = PBXFrameworksBuildPhase;
			buildActionMask = 2147483647;
			files = (
				A1A2038F45F533A28A9B5946 /* Pods_RavenTestTests.framework in Frameworks */,
			);
			runOnlyForDeploymentPostprocessing = 0;
		};
		F21B3BD12B80487600E956DF /* Frameworks */ = {
			isa = PBXFrameworksBuildPhase;
			buildActionMask = 2147483647;
			files = (
				5ED4D4ADDD27F30DEBCC6374 /* Pods_RavenTest_RavenTestUITests.framework in Frameworks */,
			);
			runOnlyForDeploymentPostprocessing = 0;
		};
/* End PBXFrameworksBuildPhase section */

/* Begin PBXGroup section */
		307C1DD67F8817D09DD3194A /* Frameworks */ = {
			isa = PBXGroup;
			children = (
				970984608ED11800B50FC301 /* Pods_RavenTest.framework */,
				42D300DB393F3B3647BB8804 /* Pods_RavenTest_RavenTestUITests.framework */,
				E6A5D14D25FB58BA90AD7F9F /* Pods_RavenTestTests.framework */,
			);
			name = Frameworks;
			sourceTree = "<group>";
		};
		4AE4A2D6AB62DE0E67397CA8 /* Pods */ = {
			isa = PBXGroup;
			children = (
				5CD72028A4BBDCED252BA934 /* Pods-RavenTest.debug.xcconfig */,
				81E2BC8BAC2365A374491965 /* Pods-RavenTest.release.xcconfig */,
				C2F5F30038DCA1E8FCCC06B5 /* Pods-RavenTest-RavenTestUITests.debug.xcconfig */,
				54F912DE230DCABB3D6F15DF /* Pods-RavenTest-RavenTestUITests.release.xcconfig */,
				EA0D1A4235189DD250E7D3D8 /* Pods-RavenTestTests.debug.xcconfig */,
				8CCF091C4464BC7736070AD0 /* Pods-RavenTestTests.release.xcconfig */,
			);
			path = Pods;
			sourceTree = "<group>";
		};
		F21B3BA82B80487400E956DF = {
			isa = PBXGroup;
			children = (
				F21B3BB32B80487400E956DF /* RavenTest */,
				F21B3BCD2B80487600E956DF /* RavenTestTests */,
				F21B3BD72B80487600E956DF /* RavenTestUITests */,
				F21B3BB22B80487400E956DF /* Products */,
				4AE4A2D6AB62DE0E67397CA8 /* Pods */,
				307C1DD67F8817D09DD3194A /* Frameworks */,
			);
			sourceTree = "<group>";
		};
		F21B3BB22B80487400E956DF /* Products */ = {
			isa = PBXGroup;
			children = (
				F21B3BB12B80487400E956DF /* RavenTest.app */,
				F21B3BCA2B80487600E956DF /* RavenTestTests.xctest */,
				F21B3BD42B80487600E956DF /* RavenTestUITests.xctest */,
			);
			name = Products;
			sourceTree = "<group>";
		};
		F21B3BB32B80487400E956DF /* RavenTest */ = {
			isa = PBXGroup;
			children = (
				F21B3BB42B80487400E956DF /* AppDelegate.swift */,
				F21B3C032B806A1100E956DF /* Protocols */,
				F21B3C002B8058EA00E956DF /* Utils */,
				F21B3BF72B8054B600E956DF /* Models */,
				F21B3BF42B80517F00E956DF /* Constants */,
				F21B3C092B81186400E956DF /* Features */,
				F21B3BC02B80487500E956DF /* Assets.xcassets */,
				F21B3BC22B80487500E956DF /* LaunchScreen.storyboard */,
				F21B3BC52B80487500E956DF /* Info.plist */,
				F21B3BBD2B80487400E956DF /* RavenTest.xcdatamodeld */,
			);
			path = RavenTest;
			sourceTree = "<group>";
		};
		F21B3BCD2B80487600E956DF /* RavenTestTests */ = {
			isa = PBXGroup;
			children = (
				F21B3BCE2B80487600E956DF /* RavenTestTests.swift */,
			);
			path = RavenTestTests;
			sourceTree = "<group>";
		};
		F21B3BD72B80487600E956DF /* RavenTestUITests */ = {
			isa = PBXGroup;
			children = (
				F21B3BD82B80487600E956DF /* RavenTestUITests.swift */,
				F21B3BDA2B80487600E956DF /* RavenTestUITestsLaunchTests.swift */,
			);
			path = RavenTestUITests;
			sourceTree = "<group>";
		};
		F21B3BE72B804ECB00E956DF /* Home */ = {
			isa = PBXGroup;
			children = (
				F21B3C062B806ABC00E956DF /* Cells */,
				F21B3BE82B804F0C00E956DF /* HomeVC.xib */,
				F21B3BE92B804F0C00E956DF /* HomePresenter.swift */,
				F21B3BEA2B804F0C00E956DF /* HomeRouter.swift */,
				F21B3BEB2B804F0C00E956DF /* HomeInteractor.swift */,
				F21B3BEC2B804F0C00E956DF /* HomeProtocol.swift */,
				F21B3BED2B804F0C00E956DF /* HomeVC.swift */,
			);
			path = Home;
			sourceTree = "<group>";
		};
		F21B3BF42B80517F00E956DF /* Constants */ = {
			isa = PBXGroup;
			children = (
				F21B3BF52B80519C00E956DF /* Constants.swift */,
			);
			path = Constants;
			sourceTree = "<group>";
		};
		F21B3BF72B8054B600E956DF /* Models */ = {
			isa = PBXGroup;
			children = (
				F21B3BF92B8054CE00E956DF /* Articles.swift */,
				F21B3BFB2B8054CE00E956DF /* MediaMetaData.swift */,
				F21B3BF82B8054CE00E956DF /* Media.swift */,
				F21B3BFA2B8054CE00E956DF /* Results.swift */,
			);
			path = Models;
			sourceTree = "<group>";
		};
		F21B3C002B8058EA00E956DF /* Utils */ = {
			isa = PBXGroup;
			children = (
				F21B3C012B8058FE00E956DF /* Utils.swift */,
			);
			path = Utils;
			sourceTree = "<group>";
		};
		F21B3C032B806A1100E956DF /* Protocols */ = {
			isa = PBXGroup;
			children = (
				F21B3C042B806A3400E956DF /* Protocols.swift */,
			);
			path = Protocols;
			sourceTree = "<group>";
		};
		F21B3C062B806ABC00E956DF /* Cells */ = {
			isa = PBXGroup;
			children = (
				F21B3C072B806ABC00E956DF /* TitleViewCell.swift */,
			);
			path = Cells;
			sourceTree = "<group>";
		};
		F21B3C092B81186400E956DF /* Features */ = {
			isa = PBXGroup;
			children = (
				F21B3C0A2B81187600E956DF /* Detail */,
				F21B3BE72B804ECB00E956DF /* Home */,
			);
			path = Features;
			sourceTree = "<group>";
		};
		F21B3C0A2B81187600E956DF /* Detail */ = {
			isa = PBXGroup;
			children = (
				F21B3C0B2B8118B400E956DF /* DetailVC.xib */,
				F21B3C0C2B8118B400E956DF /* DetailPresenter.swift */,
				F21B3C0D2B8118B400E956DF /* DetailRouter.swift */,
				F21B3C0E2B8118B400E956DF /* DetailInteractor.swift */,
				F21B3C0F2B8118B400E956DF /* DetailProtocol.swift */,
				F21B3C102B8118B400E956DF /* DetailVC.swift */,
				F21B3C172B8122AB00E956DF /* DetailEntity.swift */,
			);
			path = Detail;
			sourceTree = "<group>";
		};
/* End PBXGroup section */

/* Begin PBXNativeTarget section */
		F21B3BB02B80487400E956DF /* RavenTest */ = {
			isa = PBXNativeTarget;
			buildConfigurationList = F21B3BDE2B80487600E956DF /* Build configuration list for PBXNativeTarget "RavenTest" */;
			buildPhases = (
				0728A10F261B3E090A8EBC63 /* [CP] Check Pods Manifest.lock */,
				F21B3BAD2B80487400E956DF /* Sources */,
				F21B3BAE2B80487400E956DF /* Frameworks */,
				F21B3BAF2B80487400E956DF /* Resources */,
				DEF1BFB1B1904E390B64DCEB /* [CP] Embed Pods Frameworks */,
			);
			buildRules = (
			);
			dependencies = (
			);
			name = RavenTest;
			productName = RavenTest;
			productReference = F21B3BB12B80487400E956DF /* RavenTest.app */;
			productType = "com.apple.product-type.application";
		};
		F21B3BC92B80487600E956DF /* RavenTestTests */ = {
			isa = PBXNativeTarget;
			buildConfigurationList = F21B3BE12B80487600E956DF /* Build configuration list for PBXNativeTarget "RavenTestTests" */;
			buildPhases = (
				208D1404975BF89B18C6AA6F /* [CP] Check Pods Manifest.lock */,
				F21B3BC62B80487600E956DF /* Sources */,
				F21B3BC72B80487600E956DF /* Frameworks */,
				F21B3BC82B80487600E956DF /* Resources */,
			);
			buildRules = (
			);
			dependencies = (
				F21B3BCC2B80487600E956DF /* PBXTargetDependency */,
			);
			name = RavenTestTests;
			productName = RavenTestTests;
			productReference = F21B3BCA2B80487600E956DF /* RavenTestTests.xctest */;
			productType = "com.apple.product-type.bundle.unit-test";
		};
		F21B3BD32B80487600E956DF /* RavenTestUITests */ = {
			isa = PBXNativeTarget;
			buildConfigurationList = F21B3BE42B80487600E956DF /* Build configuration list for PBXNativeTarget "RavenTestUITests" */;
			buildPhases = (
				251DDA994CDE6E4D25CC7D1A /* [CP] Check Pods Manifest.lock */,
				F21B3BD02B80487600E956DF /* Sources */,
				F21B3BD12B80487600E956DF /* Frameworks */,
				F21B3BD22B80487600E956DF /* Resources */,
				B08DD1899C2717A10DB3A7D3 /* [CP] Embed Pods Frameworks */,
			);
			buildRules = (
			);
			dependencies = (
				F21B3BD62B80487600E956DF /* PBXTargetDependency */,
			);
			name = RavenTestUITests;
			productName = RavenTestUITests;
			productReference = F21B3BD42B80487600E956DF /* RavenTestUITests.xctest */;
			productType = "com.apple.product-type.bundle.ui-testing";
		};
/* End PBXNativeTarget section */

/* Begin PBXProject section */
		F21B3BA92B80487400E956DF /* Project object */ = {
			isa = PBXProject;
			attributes = {
				BuildIndependentTargetsInParallel = 1;
				LastSwiftUpdateCheck = 1430;
				LastUpgradeCheck = 1430;
				TargetAttributes = {
					F21B3BB02B80487400E956DF = {
						CreatedOnToolsVersion = 14.3.1;
					};
					F21B3BC92B80487600E956DF = {
						CreatedOnToolsVersion = 14.3.1;
						TestTargetID = F21B3BB02B80487400E956DF;
					};
					F21B3BD32B80487600E956DF = {
						CreatedOnToolsVersion = 14.3.1;
						TestTargetID = F21B3BB02B80487400E956DF;
					};
				};
			};
			buildConfigurationList = F21B3BAC2B80487400E956DF /* Build configuration list for PBXProject "RavenTest" */;
			compatibilityVersion = "Xcode 14.0";
			developmentRegion = en;
			hasScannedForEncodings = 0;
			knownRegions = (
				en,
				Base,
			);
			mainGroup = F21B3BA82B80487400E956DF;
			productRefGroup = F21B3BB22B80487400E956DF /* Products */;
			projectDirPath = "";
			projectRoot = "";
			targets = (
				F21B3BB02B80487400E956DF /* RavenTest */,
				F21B3BC92B80487600E956DF /* RavenTestTests */,
				F21B3BD32B80487600E956DF /* RavenTestUITests */,
			);
		};
/* End PBXProject section */

/* Begin PBXResourcesBuildPhase section */
		F21B3BAF2B80487400E956DF /* Resources */ = {
			isa = PBXResourcesBuildPhase;
			buildActionMask = 2147483647;
			files = (
				F21B3BC42B80487500E956DF /* LaunchScreen.storyboard in Resources */,
				F21B3C112B8118B400E956DF /* DetailVC.xib in Resources */,
				F21B3BEE2B804F0C00E956DF /* HomeVC.xib in Resources */,
				F21B3BC12B80487500E956DF /* Assets.xcassets in Resources */,
			);
			runOnlyForDeploymentPostprocessing = 0;
		};
		F21B3BC82B80487600E956DF /* Resources */ = {
			isa = PBXResourcesBuildPhase;
			buildActionMask = 2147483647;
			files = (
			);
			runOnlyForDeploymentPostprocessing = 0;
		};
		F21B3BD22B80487600E956DF /* Resources */ = {
			isa = PBXResourcesBuildPhase;
			buildActionMask = 2147483647;
			files = (
			);
			runOnlyForDeploymentPostprocessing = 0;
		};
/* End PBXResourcesBuildPhase section */

/* Begin PBXShellScriptBuildPhase section */
		0728A10F261B3E090A8EBC63 /* [CP] Check Pods Manifest.lock */ = {
			isa = PBXShellScriptBuildPhase;
			buildActionMask = 2147483647;
			files = (
			);
			inputFileListPaths = (
			);
			inputPaths = (
				"${PODS_PODFILE_DIR_PATH}/Podfile.lock",
				"${PODS_ROOT}/Manifest.lock",
			);
			name = "[CP] Check Pods Manifest.lock";
			outputFileListPaths = (
			);
			outputPaths = (
				"$(DERIVED_FILE_DIR)/Pods-RavenTest-checkManifestLockResult.txt",
			);
			runOnlyForDeploymentPostprocessing = 0;
			shellPath = /bin/sh;
			shellScript = "diff \"${PODS_PODFILE_DIR_PATH}/Podfile.lock\" \"${PODS_ROOT}/Manifest.lock\" > /dev/null\nif [ $? != 0 ] ; then\n    # print error to STDERR\n    echo \"error: The sandbox is not in sync with the Podfile.lock. Run 'pod install' or update your CocoaPods installation.\" >&2\n    exit 1\nfi\n# This output is used by Xcode 'outputs' to avoid re-running this script phase.\necho \"SUCCESS\" > \"${SCRIPT_OUTPUT_FILE_0}\"\n";
			showEnvVarsInLog = 0;
		};
		208D1404975BF89B18C6AA6F /* [CP] Check Pods Manifest.lock */ = {
			isa = PBXShellScriptBuildPhase;
			buildActionMask = 2147483647;
			files = (
			);
			inputFileListPaths = (
			);
			inputPaths = (
				"${PODS_PODFILE_DIR_PATH}/Podfile.lock",
				"${PODS_ROOT}/Manifest.lock",
			);
			name = "[CP] Check Pods Manifest.lock";
			outputFileListPaths = (
			);
			outputPaths = (
				"$(DERIVED_FILE_DIR)/Pods-RavenTestTests-checkManifestLockResult.txt",
			);
			runOnlyForDeploymentPostprocessing = 0;
			shellPath = /bin/sh;
			shellScript = "diff \"${PODS_PODFILE_DIR_PATH}/Podfile.lock\" \"${PODS_ROOT}/Manifest.lock\" > /dev/null\nif [ $? != 0 ] ; then\n    # print error to STDERR\n    echo \"error: The sandbox is not in sync with the Podfile.lock. Run 'pod install' or update your CocoaPods installation.\" >&2\n    exit 1\nfi\n# This output is used by Xcode 'outputs' to avoid re-running this script phase.\necho \"SUCCESS\" > \"${SCRIPT_OUTPUT_FILE_0}\"\n";
			showEnvVarsInLog = 0;
		};
		251DDA994CDE6E4D25CC7D1A /* [CP] Check Pods Manifest.lock */ = {
			isa = PBXShellScriptBuildPhase;
			buildActionMask = 2147483647;
			files = (
			);
			inputFileListPaths = (
			);
			inputPaths = (
				"${PODS_PODFILE_DIR_PATH}/Podfile.lock",
				"${PODS_ROOT}/Manifest.lock",
			);
			name = "[CP] Check Pods Manifest.lock";
			outputFileListPaths = (
			);
			outputPaths = (
				"$(DERIVED_FILE_DIR)/Pods-RavenTest-RavenTestUITests-checkManifestLockResult.txt",
			);
			runOnlyForDeploymentPostprocessing = 0;
			shellPath = /bin/sh;
			shellScript = "diff \"${PODS_PODFILE_DIR_PATH}/Podfile.lock\" \"${PODS_ROOT}/Manifest.lock\" > /dev/null\nif [ $? != 0 ] ; then\n    # print error to STDERR\n    echo \"error: The sandbox is not in sync with the Podfile.lock. Run 'pod install' or update your CocoaPods installation.\" >&2\n    exit 1\nfi\n# This output is used by Xcode 'outputs' to avoid re-running this script phase.\necho \"SUCCESS\" > \"${SCRIPT_OUTPUT_FILE_0}\"\n";
			showEnvVarsInLog = 0;
		};
		B08DD1899C2717A10DB3A7D3 /* [CP] Embed Pods Frameworks */ = {
			isa = PBXShellScriptBuildPhase;
			buildActionMask = 2147483647;
			files = (
			);
			inputFileListPaths = (
				"${PODS_ROOT}/Target Support Files/Pods-RavenTest-RavenTestUITests/Pods-RavenTest-RavenTestUITests-frameworks-${CONFIGURATION}-input-files.xcfilelist",
			);
			name = "[CP] Embed Pods Frameworks";
			outputFileListPaths = (
				"${PODS_ROOT}/Target Support Files/Pods-RavenTest-RavenTestUITests/Pods-RavenTest-RavenTestUITests-frameworks-${CONFIGURATION}-output-files.xcfilelist",
			);
			runOnlyForDeploymentPostprocessing = 0;
			shellPath = /bin/sh;
			shellScript = "\"${PODS_ROOT}/Target Support Files/Pods-RavenTest-RavenTestUITests/Pods-RavenTest-RavenTestUITests-frameworks.sh\"\n";
			showEnvVarsInLog = 0;
		};
		DEF1BFB1B1904E390B64DCEB /* [CP] Embed Pods Frameworks */ = {
			isa = PBXShellScriptBuildPhase;
			buildActionMask = 2147483647;
			files = (
			);
			inputFileListPaths = (
				"${PODS_ROOT}/Target Support Files/Pods-RavenTest/Pods-RavenTest-frameworks-${CONFIGURATION}-input-files.xcfilelist",
			);
			name = "[CP] Embed Pods Frameworks";
			outputFileListPaths = (
				"${PODS_ROOT}/Target Support Files/Pods-RavenTest/Pods-RavenTest-frameworks-${CONFIGURATION}-output-files.xcfilelist",
			);
			runOnlyForDeploymentPostprocessing = 0;
			shellPath = /bin/sh;
			shellScript = "\"${PODS_ROOT}/Target Support Files/Pods-RavenTest/Pods-RavenTest-frameworks.sh\"\n";
			showEnvVarsInLog = 0;
		};
/* End PBXShellScriptBuildPhase section */

/* Begin PBXSourcesBuildPhase section */
		F21B3BAD2B80487400E956DF /* Sources */ = {
			isa = PBXSourcesBuildPhase;
			buildActionMask = 2147483647;
			files = (
				F21B3BEF2B804F0C00E956DF /* HomePresenter.swift in Sources */,
				F21B3C182B8122AB00E956DF /* DetailEntity.swift in Sources */,
				F21B3BFF2B8054CE00E956DF /* MediaMetaData.swift in Sources */,
				F21B3BF32B804F0C00E956DF /* HomeVC.swift in Sources */,
				F21B3C142B8118B400E956DF /* DetailInteractor.swift in Sources */,
				F21B3BF02B804F0C00E956DF /* HomeRouter.swift in Sources */,
				F21B3C162B8118B400E956DF /* DetailVC.swift in Sources */,
				F21B3BFD2B8054CE00E956DF /* Articles.swift in Sources */,
				F21B3C022B8058FE00E956DF /* Utils.swift in Sources */,
				F21B3C082B806ABC00E956DF /* TitleViewCell.swift in Sources */,
				F21B3BB52B80487400E956DF /* AppDelegate.swift in Sources */,
				F21B3BF12B804F0C00E956DF /* HomeInteractor.swift in Sources */,
				F21B3BFC2B8054CE00E956DF /* Media.swift in Sources */,
				F21B3C052B806A3400E956DF /* Protocols.swift in Sources */,
				F21B3C122B8118B400E956DF /* DetailPresenter.swift in Sources */,
				F21B3BFE2B8054CE00E956DF /* Results.swift in Sources */,
				F21B3BF22B804F0C00E956DF /* HomeProtocol.swift in Sources */,
				F21B3C132B8118B400E956DF /* DetailRouter.swift in Sources */,
				F21B3BBF2B80487400E956DF /* RavenTest.xcdatamodeld in Sources */,
				F21B3C152B8118B400E956DF /* DetailProtocol.swift in Sources */,
				F21B3BF62B80519C00E956DF /* Constants.swift in Sources */,
			);
			runOnlyForDeploymentPostprocessing = 0;
		};
		F21B3BC62B80487600E956DF /* Sources */ = {
			isa = PBXSourcesBuildPhase;
			buildActionMask = 2147483647;
			files = (
				F21B3BCF2B80487600E956DF /* RavenTestTests.swift in Sources */,
			);
			runOnlyForDeploymentPostprocessing = 0;
		};
		F21B3BD02B80487600E956DF /* Sources */ = {
			isa = PBXSourcesBuildPhase;
			buildActionMask = 2147483647;
			files = (
				F21B3BD92B80487600E956DF /* RavenTestUITests.swift in Sources */,
				F21B3BDB2B80487600E956DF /* RavenTestUITestsLaunchTests.swift in Sources */,
			);
			runOnlyForDeploymentPostprocessing = 0;
		};
/* End PBXSourcesBuildPhase section */

/* Begin PBXTargetDependency section */
		F21B3BCC2B80487600E956DF /* PBXTargetDependency */ = {
			isa = PBXTargetDependency;
			target = F21B3BB02B80487400E956DF /* RavenTest */;
			targetProxy = F21B3BCB2B80487600E956DF /* PBXContainerItemProxy */;
		};
		F21B3BD62B80487600E956DF /* PBXTargetDependency */ = {
			isa = PBXTargetDependency;
			target = F21B3BB02B80487400E956DF /* RavenTest */;
			targetProxy = F21B3BD52B80487600E956DF /* PBXContainerItemProxy */;
		};
/* End PBXTargetDependency section */

/* Begin PBXVariantGroup section */
		F21B3BC22B80487500E956DF /* LaunchScreen.storyboard */ = {
			isa = PBXVariantGroup;
			children = (
				F21B3BC32B80487500E956DF /* Base */,
			);
			name = LaunchScreen.storyboard;
			sourceTree = "<group>";
		};
/* End PBXVariantGroup section */

/* Begin XCBuildConfiguration section */
		F21B3BDC2B80487600E956DF /* Debug */ = {
			isa = XCBuildConfiguration;
			buildSettings = {
				ALWAYS_SEARCH_USER_PATHS = NO;
				CLANG_ANALYZER_NONNULL = YES;
				CLANG_ANALYZER_NUMBER_OBJECT_CONVERSION = YES_AGGRESSIVE;
				CLANG_CXX_LANGUAGE_STANDARD = "gnu++20";
				CLANG_ENABLE_MODULES = YES;
				CLANG_ENABLE_OBJC_ARC = YES;
				CLANG_ENABLE_OBJC_WEAK = YES;
				CLANG_WARN_BLOCK_CAPTURE_AUTORELEASING = YES;
				CLANG_WARN_BOOL_CONVERSION = YES;
				CLANG_WARN_COMMA = YES;
				CLANG_WARN_CONSTANT_CONVERSION = YES;
				CLANG_WARN_DEPRECATED_OBJC_IMPLEMENTATIONS = YES;
				CLANG_WARN_DIRECT_OBJC_ISA_USAGE = YES_ERROR;
				CLANG_WARN_DOCUMENTATION_COMMENTS = YES;
				CLANG_WARN_EMPTY_BODY = YES;
				CLANG_WARN_ENUM_CONVERSION = YES;
				CLANG_WARN_INFINITE_RECURSION = YES;
				CLANG_WARN_INT_CONVERSION = YES;
				CLANG_WARN_NON_LITERAL_NULL_CONVERSION = YES;
				CLANG_WARN_OBJC_IMPLICIT_RETAIN_SELF = YES;
				CLANG_WARN_OBJC_LITERAL_CONVERSION = YES;
				CLANG_WARN_OBJC_ROOT_CLASS = YES_ERROR;
				CLANG_WARN_QUOTED_INCLUDE_IN_FRAMEWORK_HEADER = YES;
				CLANG_WARN_RANGE_LOOP_ANALYSIS = YES;
				CLANG_WARN_STRICT_PROTOTYPES = YES;
				CLANG_WARN_SUSPICIOUS_MOVE = YES;
				CLANG_WARN_UNGUARDED_AVAILABILITY = YES_AGGRESSIVE;
				CLANG_WARN_UNREACHABLE_CODE = YES;
				CLANG_WARN__DUPLICATE_METHOD_MATCH = YES;
				COPY_PHASE_STRIP = NO;
				DEBUG_INFORMATION_FORMAT = dwarf;
				ENABLE_STRICT_OBJC_MSGSEND = YES;
				ENABLE_TESTABILITY = YES;
				GCC_C_LANGUAGE_STANDARD = gnu11;
				GCC_DYNAMIC_NO_PIC = NO;
				GCC_NO_COMMON_BLOCKS = YES;
				GCC_OPTIMIZATION_LEVEL = 0;
				GCC_PREPROCESSOR_DEFINITIONS = (
					"DEBUG=1",
					"$(inherited)",
				);
				GCC_WARN_64_TO_32_BIT_CONVERSION = YES;
				GCC_WARN_ABOUT_RETURN_TYPE = YES_ERROR;
				GCC_WARN_UNDECLARED_SELECTOR = YES;
				GCC_WARN_UNINITIALIZED_AUTOS = YES_AGGRESSIVE;
				GCC_WARN_UNUSED_FUNCTION = YES;
				GCC_WARN_UNUSED_VARIABLE = YES;
				IPHONEOS_DEPLOYMENT_TARGET = 16.4;
				MTL_ENABLE_DEBUG_INFO = INCLUDE_SOURCE;
				MTL_FAST_MATH = YES;
				ONLY_ACTIVE_ARCH = YES;
				SDKROOT = iphoneos;
				SWIFT_ACTIVE_COMPILATION_CONDITIONS = DEBUG;
				SWIFT_OPTIMIZATION_LEVEL = "-Onone";
			};
			name = Debug;
		};
		F21B3BDD2B80487600E956DF /* Release */ = {
			isa = XCBuildConfiguration;
			buildSettings = {
				ALWAYS_SEARCH_USER_PATHS = NO;
				CLANG_ANALYZER_NONNULL = YES;
				CLANG_ANALYZER_NUMBER_OBJECT_CONVERSION = YES_AGGRESSIVE;
				CLANG_CXX_LANGUAGE_STANDARD = "gnu++20";
				CLANG_ENABLE_MODULES = YES;
				CLANG_ENABLE_OBJC_ARC = YES;
				CLANG_ENABLE_OBJC_WEAK = YES;
				CLANG_WARN_BLOCK_CAPTURE_AUTORELEASING = YES;
				CLANG_WARN_BOOL_CONVERSION = YES;
				CLANG_WARN_COMMA = YES;
				CLANG_WARN_CONSTANT_CONVERSION = YES;
				CLANG_WARN_DEPRECATED_OBJC_IMPLEMENTATIONS = YES;
				CLANG_WARN_DIRECT_OBJC_ISA_USAGE = YES_ERROR;
				CLANG_WARN_DOCUMENTATION_COMMENTS = YES;
				CLANG_WARN_EMPTY_BODY = YES;
				CLANG_WARN_ENUM_CONVERSION = YES;
				CLANG_WARN_INFINITE_RECURSION = YES;
				CLANG_WARN_INT_CONVERSION = YES;
				CLANG_WARN_NON_LITERAL_NULL_CONVERSION = YES;
				CLANG_WARN_OBJC_IMPLICIT_RETAIN_SELF = YES;
				CLANG_WARN_OBJC_LITERAL_CONVERSION = YES;
				CLANG_WARN_OBJC_ROOT_CLASS = YES_ERROR;
				CLANG_WARN_QUOTED_INCLUDE_IN_FRAMEWORK_HEADER = YES;
				CLANG_WARN_RANGE_LOOP_ANALYSIS = YES;
				CLANG_WARN_STRICT_PROTOTYPES = YES;
				CLANG_WARN_SUSPICIOUS_MOVE = YES;
				CLANG_WARN_UNGUARDED_AVAILABILITY = YES_AGGRESSIVE;
				CLANG_WARN_UNREACHABLE_CODE = YES;
				CLANG_WARN__DUPLICATE_METHOD_MATCH = YES;
				COPY_PHASE_STRIP = NO;
				DEBUG_INFORMATION_FORMAT = "dwarf-with-dsym";
				ENABLE_NS_ASSERTIONS = NO;
				ENABLE_STRICT_OBJC_MSGSEND = YES;
				GCC_C_LANGUAGE_STANDARD = gnu11;
				GCC_NO_COMMON_BLOCKS = YES;
				GCC_WARN_64_TO_32_BIT_CONVERSION = YES;
				GCC_WARN_ABOUT_RETURN_TYPE = YES_ERROR;
				GCC_WARN_UNDECLARED_SELECTOR = YES;
				GCC_WARN_UNINITIALIZED_AUTOS = YES_AGGRESSIVE;
				GCC_WARN_UNUSED_FUNCTION = YES;
				GCC_WARN_UNUSED_VARIABLE = YES;
				IPHONEOS_DEPLOYMENT_TARGET = 16.4;
				MTL_ENABLE_DEBUG_INFO = NO;
				MTL_FAST_MATH = YES;
				SDKROOT = iphoneos;
				SWIFT_COMPILATION_MODE = wholemodule;
				SWIFT_OPTIMIZATION_LEVEL = "-O";
				VALIDATE_PRODUCT = YES;
			};
			name = Release;
		};
		F21B3BDF2B80487600E956DF /* Debug */ = {
			isa = XCBuildConfiguration;
			baseConfigurationReference = 5CD72028A4BBDCED252BA934 /* Pods-RavenTest.debug.xcconfig */;
			buildSettings = {
				ASSETCATALOG_COMPILER_APPICON_NAME = AppIcon;
				ASSETCATALOG_COMPILER_GLOBAL_ACCENT_COLOR_NAME = AccentColor;
				CODE_SIGN_STYLE = Automatic;
				CURRENT_PROJECT_VERSION = 1;
				DEVELOPMENT_TEAM = MC2W678MVZ;
				GENERATE_INFOPLIST_FILE = YES;
				INFOPLIST_FILE = RavenTest/Info.plist;
				INFOPLIST_KEY_UIApplicationSupportsIndirectInputEvents = YES;
				INFOPLIST_KEY_UILaunchStoryboardName = LaunchScreen.storyboard;
				INFOPLIST_KEY_UIMainStoryboardFile = "";
				INFOPLIST_KEY_UISupportedInterfaceOrientations_iPad = "UIInterfaceOrientationPortrait UIInterfaceOrientationPortraitUpsideDown UIInterfaceOrientationLandscapeLeft UIInterfaceOrientationLandscapeRight";
				INFOPLIST_KEY_UISupportedInterfaceOrientations_iPhone = "UIInterfaceOrientationPortrait UIInterfaceOrientationLandscapeLeft UIInterfaceOrientationLandscapeRight";
				IPHONEOS_DEPLOYMENT_TARGET = 14.0;
				LD_RUNPATH_SEARCH_PATHS = (
					"$(inherited)",
					"@executable_path/Frameworks",
				);
				MARKETING_VERSION = 1.0;
				PRODUCT_BUNDLE_IDENTIFIER = com.nut.RavenTest;
				PRODUCT_NAME = "$(TARGET_NAME)";
				SWIFT_EMIT_LOC_STRINGS = YES;
				SWIFT_VERSION = 5.0;
				TARGETED_DEVICE_FAMILY = "1,2";
			};
			name = Debug;
		};
		F21B3BE02B80487600E956DF /* Release */ = {
			isa = XCBuildConfiguration;
			baseConfigurationReference = 81E2BC8BAC2365A374491965 /* Pods-RavenTest.release.xcconfig */;
			buildSettings = {
				ASSETCATALOG_COMPILER_APPICON_NAME = AppIcon;
				ASSETCATALOG_COMPILER_GLOBAL_ACCENT_COLOR_NAME = AccentColor;
				CODE_SIGN_STYLE = Automatic;
				CURRENT_PROJECT_VERSION = 1;
				DEVELOPMENT_TEAM = MC2W678MVZ;
				GENERATE_INFOPLIST_FILE = YES;
				INFOPLIST_FILE = RavenTest/Info.plist;
				INFOPLIST_KEY_UIApplicationSupportsIndirectInputEvents = YES;
				INFOPLIST_KEY_UILaunchStoryboardName = LaunchScreen.storyboard;
				INFOPLIST_KEY_UIMainStoryboardFile = "";
				INFOPLIST_KEY_UISupportedInterfaceOrientations_iPad = "UIInterfaceOrientationPortrait UIInterfaceOrientationPortraitUpsideDown UIInterfaceOrientationLandscapeLeft UIInterfaceOrientationLandscapeRight";
				INFOPLIST_KEY_UISupportedInterfaceOrientations_iPhone = "UIInterfaceOrientationPortrait UIInterfaceOrientationLandscapeLeft UIInterfaceOrientationLandscapeRight";
				IPHONEOS_DEPLOYMENT_TARGET = 14.0;
				LD_RUNPATH_SEARCH_PATHS = (
					"$(inherited)",
					"@executable_path/Frameworks",
				);
				MARKETING_VERSION = 1.0;
				PRODUCT_BUNDLE_IDENTIFIER = com.nut.RavenTest;
				PRODUCT_NAME = "$(TARGET_NAME)";
				SWIFT_EMIT_LOC_STRINGS = YES;
				SWIFT_VERSION = 5.0;
				TARGETED_DEVICE_FAMILY = "1,2";
			};
			name = Release;
		};
		F21B3BE22B80487600E956DF /* Debug */ = {
			isa = XCBuildConfiguration;
			baseConfigurationReference = EA0D1A4235189DD250E7D3D8 /* Pods-RavenTestTests.debug.xcconfig */;
			buildSettings = {
				ALWAYS_EMBED_SWIFT_STANDARD_LIBRARIES = YES;
				BUNDLE_LOADER = "$(TEST_HOST)";
				CODE_SIGN_STYLE = Automatic;
				CURRENT_PROJECT_VERSION = 1;
				DEVELOPMENT_TEAM = MC2W678MVZ;
				GENERATE_INFOPLIST_FILE = YES;
				IPHONEOS_DEPLOYMENT_TARGET = 16.4;
				MARKETING_VERSION = 1.0;
				PRODUCT_BUNDLE_IDENTIFIER = com.nut.RavenTestTests;
				PRODUCT_NAME = "$(TARGET_NAME)";
				SWIFT_EMIT_LOC_STRINGS = NO;
				SWIFT_VERSION = 5.0;
				TARGETED_DEVICE_FAMILY = "1,2";
				TEST_HOST = "$(BUILT_PRODUCTS_DIR)/RavenTest.app/$(BUNDLE_EXECUTABLE_FOLDER_PATH)/RavenTest";
			};
			name = Debug;
		};
		F21B3BE32B80487600E956DF /* Release */ = {
			isa = XCBuildConfiguration;
			baseConfigurationReference = 8CCF091C4464BC7736070AD0 /* Pods-RavenTestTests.release.xcconfig */;
			buildSettings = {
				ALWAYS_EMBED_SWIFT_STANDARD_LIBRARIES = YES;
				BUNDLE_LOADER = "$(TEST_HOST)";
				CODE_SIGN_STYLE = Automatic;
				CURRENT_PROJECT_VERSION = 1;
				DEVELOPMENT_TEAM = MC2W678MVZ;
				GENERATE_INFOPLIST_FILE = YES;
				IPHONEOS_DEPLOYMENT_TARGET = 16.4;
				MARKETING_VERSION = 1.0;
				PRODUCT_BUNDLE_IDENTIFIER = com.nut.RavenTestTests;
				PRODUCT_NAME = "$(TARGET_NAME)";
				SWIFT_EMIT_LOC_STRINGS = NO;
				SWIFT_VERSION = 5.0;
				TARGETED_DEVICE_FAMILY = "1,2";
				TEST_HOST = "$(BUILT_PRODUCTS_DIR)/RavenTest.app/$(BUNDLE_EXECUTABLE_FOLDER_PATH)/RavenTest";
			};
			name = Release;
		};
		F21B3BE52B80487600E956DF /* Debug */ = {
			isa = XCBuildConfiguration;
			baseConfigurationReference = C2F5F30038DCA1E8FCCC06B5 /* Pods-RavenTest-RavenTestUITests.debug.xcconfig */;
			buildSettings = {
				ALWAYS_EMBED_SWIFT_STANDARD_LIBRARIES = YES;
				CODE_SIGN_STYLE = Automatic;
				CURRENT_PROJECT_VERSION = 1;
				DEVELOPMENT_TEAM = MC2W678MVZ;
				GENERATE_INFOPLIST_FILE = YES;
				MARKETING_VERSION = 1.0;
				PRODUCT_BUNDLE_IDENTIFIER = com.nut.RavenTestUITests;
				PRODUCT_NAME = "$(TARGET_NAME)";
				SWIFT_EMIT_LOC_STRINGS = NO;
				SWIFT_VERSION = 5.0;
				TARGETED_DEVICE_FAMILY = "1,2";
				TEST_TARGET_NAME = RavenTest;
			};
			name = Debug;
		};
		F21B3BE62B80487600E956DF /* Release */ = {
			isa = XCBuildConfiguration;
			baseConfigurationReference = 54F912DE230DCABB3D6F15DF /* Pods-RavenTest-RavenTestUITests.release.xcconfig */;
			buildSettings = {
				ALWAYS_EMBED_SWIFT_STANDARD_LIBRARIES = YES;
				CODE_SIGN_STYLE = Automatic;
				CURRENT_PROJECT_VERSION = 1;
				DEVELOPMENT_TEAM = MC2W678MVZ;
				GENERATE_INFOPLIST_FILE = YES;
				MARKETING_VERSION = 1.0;
				PRODUCT_BUNDLE_IDENTIFIER = com.nut.RavenTestUITests;
				PRODUCT_NAME = "$(TARGET_NAME)";
				SWIFT_EMIT_LOC_STRINGS = NO;
				SWIFT_VERSION = 5.0;
				TARGETED_DEVICE_FAMILY = "1,2";
				TEST_TARGET_NAME = RavenTest;
			};
			name = Release;
		};
/* End XCBuildConfiguration section */

/* Begin XCConfigurationList section */
		F21B3BAC2B80487400E956DF /* Build configuration list for PBXProject "RavenTest" */ = {
			isa = XCConfigurationList;
			buildConfigurations = (
				F21B3BDC2B80487600E956DF /* Debug */,
				F21B3BDD2B80487600E956DF /* Release */,
			);
			defaultConfigurationIsVisible = 0;
			defaultConfigurationName = Release;
		};
		F21B3BDE2B80487600E956DF /* Build configuration list for PBXNativeTarget "RavenTest" */ = {
			isa = XCConfigurationList;
			buildConfigurations = (
				F21B3BDF2B80487600E956DF /* Debug */,
				F21B3BE02B80487600E956DF /* Release */,
			);
			defaultConfigurationIsVisible = 0;
			defaultConfigurationName = Release;
		};
		F21B3BE12B80487600E956DF /* Build configuration list for PBXNativeTarget "RavenTestTests" */ = {
			isa = XCConfigurationList;
			buildConfigurations = (
				F21B3BE22B80487600E956DF /* Debug */,
				F21B3BE32B80487600E956DF /* Release */,
			);
			defaultConfigurationIsVisible = 0;
			defaultConfigurationName = Release;
		};
		F21B3BE42B80487600E956DF /* Build configuration list for PBXNativeTarget "RavenTestUITests" */ = {
			isa = XCConfigurationList;
			buildConfigurations = (
				F21B3BE52B80487600E956DF /* Debug */,
				F21B3BE62B80487600E956DF /* Release */,
			);
			defaultConfigurationIsVisible = 0;
			defaultConfigurationName = Release;
		};
/* End XCConfigurationList section */

/* Begin XCVersionGroup section */
		F21B3BBD2B80487400E956DF /* RavenTest.xcdatamodeld */ = {
			isa = XCVersionGroup;
			children = (
				F21B3BBE2B80487400E956DF /* RavenTest.xcdatamodel */,
			);
			currentVersion = F21B3BBE2B80487400E956DF /* RavenTest.xcdatamodel */;
			path = RavenTest.xcdatamodeld;
			sourceTree = "<group>";
			versionGroupType = wrapper.xcdatamodel;
		};
/* End XCVersionGroup section */
	};
	rootObject = F21B3BA92B80487400E956DF /* Project object */;
}
